
Microsoft Visual Studio Solution File, Format Version 12.00
# Visual Studio Version 16
VisualStudioVersion = 16.0.30503.244
MinimumVisualStudioVersion = 10.0.40219.1
Project("{FAE04EC0-301F-11D3-BF4B-00C04F79EFBC}") = "VTISBI_1.1.Web", "VTISBI_1.1.Web\VTISBI_1.1.Web.csproj", "{660C06CE-5FB7-4230-872A-C8758D60CE08}"
EndProject
Global
	GlobalSection(SolutionConfigurationPlatforms) = preSolution
		Debug|Any CPU = Debug|Any CPU
		Release|Any CPU = Release|Any CPU
	EndGlobalSection
	GlobalSection(ProjectConfigurationPlatforms) = postSolution
		{660C06CE-5FB7-4230-872A-C8758D60CE08}.Debug|Any CPU.ActiveCfg = Debug|Any CPU
		{660C06CE-5FB7-4230-872A-C8758D60CE08}.Debug|Any CPU.Build.0 = Debug|Any CPU
		{660C06CE-5FB7-4230-872A-C8758D60CE08}.Release|Any CPU.ActiveCfg = Release|Any CPU
		{660C06CE-5FB7-4230-872A-C8758D60CE08}.Release|Any CPU.Build.0 = Release|Any CPU
	EndGlobalSection
	GlobalSection(SolutionProperties) = preSolution
		HideSolutionNode = FALSE
	EndGlobalSection
	GlobalSection(ExtensibilityGlobals) = postSolution
		SolutionGuid = {ACDB98E2-E38B-400A-99B1-A2B11AF42428}
	EndGlobalSection
EndGlobal
